<?xml version="1.0" encoding="utf-8"?>
<Project ToolsVersion="4.0" xmlns="http://schemas.microsoft.com/developer/msbuild/2003">
  <ItemGroup>
    <Filter Include="Source Files">
      <UniqueIdentifier>{4FC737F1-C7A5-4376-A066-2A32D752A2FF}</UniqueIdentifier>
      <Extensions>cpp;c;cc;cxx;def;odl;idl;hpj;bat;asm;asmx</Extensions>
    </Filter>
    <Filter Include="Header Files">
      <UniqueIdentifier>{93995380-89BD-4b04-88EB-625FBE52EBFB}</UniqueIdentifier>
      <Extensions>h;hh;hpp;hxx;hm;inl;inc;ipp;xsd</Extensions>
    </Filter>
    <Filter Include="Resource Files">
      <UniqueIdentifier>{67DA6AB6-F800-4c08-8B7A-83BB121AAD01}</UniqueIdentifier>
      <Extensions>rc;ico;cur;bmp;dlg;rc2;rct;bin;rgs;gif;jpg;jpeg;jpe;resx;tiff;tif;png;wav;mfcribbon-ms</Extensions>
    </Filter>
  </ItemGroup>
  <ItemGroup>
    <ClInclude Include="targetver.h">
      <Filter>Header Files</Filter>
    </ClInclude>
    <ClInclude Include="ASSVideoLibrary.h">
      <Filter>Header Files</Filter>
    </ClInclude>
    <ClInclude Include="ASSDataML.h">
      <Filter>Header Files</Filter>
    </ClInclude>
    <ClInclude Include="ASSFlowTrend.h">
      <Filter>Header Files</Filter>
    </ClInclude>
    <ClInclude Include="ASSFaceEither.h">
      <Filter>Header Files</Filter>
    </ClInclude>
    <ClInclude Include="ASSFaceError.h">
      <Filter>Header Files</Filter>
    </ClInclude>
    <ClInclude Include="ASSFaceCodes.h">
      <Filter>Header Files</Filter>
    </ClInclude>
    <ClInclude Include="ASSFaceDetect.h">
      <Filter>Header Files</Filter>
    </ClInclude>
    <ClInclude Include="ASSVideoConfig.h">
      <Filter>Header Files</Filter>
    </ClInclude>
    <ClInclude Include="ASSVideoCapture.h">
      <Filter>Header Files</Filter>
    </ClInclude>
    <ClInclude Include="ASSCuda.h">
      <Filter>Header Files</Filter>
    </ClInclude>
    <ClInclude Include="ASSInitLibRecognition.h">
      <Filter>Header Files</Filter>
    </ClInclude>
    <ClInclude Include="ASSDetectMovement.h">
      <Filter>Header Files</Filter>
    </ClInclude>
    <ClInclude Include="ASSCheckHardware.h">
      <Filter>Header Files</Filter>
    </ClInclude>
    <ClInclude Include="ASSCentralProcessingVideo.h">
      <Filter>Header Files</Filter>
    </ClInclude>
  </ItemGroup>
  <ItemGroup>
    <ClCompile Include="stdafx.cpp">
      <Filter>Source Files</Filter>
    </ClCompile>
    <ClCompile Include="ASSVideoLibrary.cpp">
      <Filter>Source Files</Filter>
    </ClCompile>
    <ClCompile Include="dllmain.cpp">
      <Filter>Source Files</Filter>
    </ClCompile>
    <ClCompile Include="ASSDataML.cpp">
      <Filter>Source Files</Filter>
    </ClCompile>
    <ClCompile Include="ASSFlowTrend.cpp">
      <Filter>Source Files</Filter>
    </ClCompile>
    <ClCompile Include="ASSFaceEither.cpp">
      <Filter>Source Files</Filter>
    </ClCompile>
    <ClCompile Include="ASSFaceError.cpp">
      <Filter>Source Files</Filter>
    </ClCompile>
    <ClCompile Include="ASSFaceDetect.cpp">
      <Filter>Source Files</Filter>
    </ClCompile>
    <ClCompile Include="ASSVideoConfig.cpp">
      <Filter>Source Files</Filter>
    </ClCompile>
    <ClCompile Include="ASSVideoCapture.cpp">
      <Filter>Source Files</Filter>
    </ClCompile>
    <ClCompile Include="ASSCuda.cpp">
      <Filter>Source Files</Filter>
    </ClCompile>
    <ClCompile Include="ASSInitLibRecognition.cpp">
      <Filter>Source Files</Filter>
    </ClCompile>
    <ClCompile Include="ASSDetectMovement.cpp">
      <Filter>Source Files</Filter>
    </ClCompile>
    <ClCompile Include="ASSCheckHardware.cpp">
      <Filter>Source Files</Filter>
    </ClCompile>
    <ClCompile Include="ASSCentralProcessingVideo.cpp">
      <Filter>Source Files</Filter>
    </ClCompile>
  </ItemGroup>
  <ItemGroup>
    <None Include="packages.config" />
  </ItemGroup>
</Project>